
Microsoft Visual Studio Solution File, Format Version 12.00
# Visual Studio 15
VisualStudioVersion = 15.0.27703.2000
MinimumVisualStudioVersion = 10.0.40219.1
Project("{FAE04EC0-301F-11D3-BF4B-00C04F79EFBC}") = "DotNetCoreReactSPA", "DotNetCoreReactSPA\DotNetCoreReactSPA.csproj", "{04309A35-F97C-41B8-ABD5-427465928013}"
EndProject
Global
	GlobalSection(SolutionConfigurationPlatforms) = preSolution
		Debug|Any CPU = Debug|Any CPU
		Release|Any CPU = Release|Any CPU
	EndGlobalSection
	GlobalSection(ProjectConfigurationPlatforms) = postSolution
		{04309A35-F97C-41B8-ABD5-427465928013}.Debug|Any CPU.ActiveCfg = Debug|Any CPU
		{04309A35-F97C-41B8-ABD5-427465928013}.Debug|Any CPU.Build.0 = Debug|Any CPU
		{04309A35-F97C-41B8-ABD5-427465928013}.Release|Any CPU.ActiveCfg = Release|Any CPU
		{04309A35-F97C-41B8-ABD5-427465928013}.Release|Any CPU.Build.0 = Release|Any CPU
	EndGlobalSection
	GlobalSection(SolutionProperties) = preSolution
		HideSolutionNode = FALSE
	EndGlobalSection
	GlobalSection(ExtensibilityGlobals) = postSolution
		SolutionGuid = {6256934B-906F-44CD-915A-B6A0DF34F358}
	EndGlobalSection
EndGlobal
